// !$*UTF8*$!
{
	archiveVersion = 1;
	classes = {
	};
	objectVersion = 46;
	objects = {

/* Begin PBXBuildFile section */
		5BC539C32FFC408980BEC874 /* libPods-Tests.a in Frameworks */ = {isa = PBXBuildFile; fileRef = 8A8CF88C6AA4454FBFB46CDE /* libPods-Tests.a */; };
		B7215EC2E47F43D789C50AE4 /* libPods-EPSNameFormatter.a in Frameworks */ = {isa = PBXBuildFile; fileRef = A662AEAC940E461E88C3C2A7 /* libPods-EPSNameFormatter.a */; };
		D069638A196473DC00A4B99B /* Foundation.framework in Frameworks */ = {isa = PBXBuildFile; fileRef = D0696389196473DC00A4B99B /* Foundation.framework */; };
		D069638C196473DC00A4B99B /* CoreGraphics.framework in Frameworks */ = {isa = PBXBuildFile; fileRef = D069638B196473DC00A4B99B /* CoreGraphics.framework */; };
		D069638E196473DC00A4B99B /* UIKit.framework in Frameworks */ = {isa = PBXBuildFile; fileRef = D069638D196473DC00A4B99B /* UIKit.framework */; };
		D0696394196473DC00A4B99B /* InfoPlist.strings in Resources */ = {isa = PBXBuildFile; fileRef = D0696392196473DC00A4B99B /* InfoPlist.strings */; };
		D0696396196473DC00A4B99B /* main.m in Sources */ = {isa = PBXBuildFile; fileRef = D0696395196473DC00A4B99B /* main.m */; };
		D069639A196473DC00A4B99B /* EPSAppDelegate.m in Sources */ = {isa = PBXBuildFile; fileRef = D0696399196473DC00A4B99B /* EPSAppDelegate.m */; };
		D069639D196473DC00A4B99B /* Main.storyboard in Resources */ = {isa = PBXBuildFile; fileRef = D069639B196473DC00A4B99B /* Main.storyboard */; };
		D06963A0196473DC00A4B99B /* EPSViewController.m in Sources */ = {isa = PBXBuildFile; fileRef = D069639F196473DC00A4B99B /* EPSViewController.m */; };
		D06963A2196473DC00A4B99B /* Images.xcassets in Resources */ = {isa = PBXBuildFile; fileRef = D06963A1196473DC00A4B99B /* Images.xcassets */; };
		D06963A9196473DC00A4B99B /* XCTest.framework in Frameworks */ = {isa = PBXBuildFile; fileRef = D06963A8196473DC00A4B99B /* XCTest.framework */; };
		D06963AA196473DC00A4B99B /* Foundation.framework in Frameworks */ = {isa = PBXBuildFile; fileRef = D0696389196473DC00A4B99B /* Foundation.framework */; };
		D06963AB196473DC00A4B99B /* UIKit.framework in Frameworks */ = {isa = PBXBuildFile; fileRef = D069638D196473DC00A4B99B /* UIKit.framework */; };
		D06963B3196473DC00A4B99B /* InfoPlist.strings in Resources */ = {isa = PBXBuildFile; fileRef = D06963B1196473DC00A4B99B /* InfoPlist.strings */; };
		D06963B5196473DC00A4B99B /* Tests.m in Sources */ = {isa = PBXBuildFile; fileRef = D06963B4196473DC00A4B99B /* Tests.m */; };
/* End PBXBuildFile section */

/* Begin PBXContainerItemProxy section */
		D06963AC196473DC00A4B99B /* PBXContainerItemProxy */ = {
			isa = PBXContainerItemProxy;
			containerPortal = D069637E196473DC00A4B99B /* Project object */;
			proxyType = 1;
			remoteGlobalIDString = D0696385196473DC00A4B99B;
			remoteInfo = EPSNameFormatter;
		};
/* End PBXContainerItemProxy section */

/* Begin PBXFileReference section */
		57C1293488F54C1F901EE6A6 /* Pods-Tests.xcconfig */ = {isa = PBXFileReference; includeInIndex = 1; lastKnownFileType = text.xcconfig; name = "Pods-Tests.xcconfig"; path = "Pods/Pods-Tests.xcconfig"; sourceTree = "<group>"; };
		62F789D4EBE34532917ED940 /* Pods-EPSNameFormatter.xcconfig */ = {isa = PBXFileReference; includeInIndex = 1; lastKnownFileType = text.xcconfig; name = "Pods-EPSNameFormatter.xcconfig"; path = "Pods/Pods-EPSNameFormatter.xcconfig"; sourceTree = "<group>"; };
		8A8CF88C6AA4454FBFB46CDE /* libPods-Tests.a */ = {isa = PBXFileReference; explicitFileType = archive.ar; includeInIndex = 0; path = "libPods-Tests.a"; sourceTree = BUILT_PRODUCTS_DIR; };
		A662AEAC940E461E88C3C2A7 /* libPods-EPSNameFormatter.a */ = {isa = PBXFileReference; explicitFileType = archive.ar; includeInIndex = 0; path = "libPods-EPSNameFormatter.a"; sourceTree = BUILT_PRODUCTS_DIR; };
		D0696386196473DC00A4B99B /* EPSNameFormatter.app */ = {isa = PBXFileReference; explicitFileType = wrapper.application; includeInIndex = 0; path = EPSNameFormatter.app; sourceTree = BUILT_PRODUCTS_DIR; };
		D0696389196473DC00A4B99B /* Foundation.framework */ = {isa = PBXFileReference; lastKnownFileType = wrapper.framework; name = Foundation.framework; path = System/Library/Frameworks/Foundation.framework; sourceTree = SDKROOT; };
		D069638B196473DC00A4B99B /* CoreGraphics.framework */ = {isa = PBXFileReference; lastKnownFileType = wrapper.framework; name = CoreGraphics.framework; path = System/Library/Frameworks/CoreGraphics.framework; sourceTree = SDKROOT; };
		D069638D196473DC00A4B99B /* UIKit.framework */ = {isa = PBXFileReference; lastKnownFileType = wrapper.framework; name = UIKit.framework; path = System/Library/Frameworks/UIKit.framework; sourceTree = SDKROOT; };
		D0696391196473DC00A4B99B /* EPSNameFormatter-Info.plist */ = {isa = PBXFileReference; lastKnownFileType = text.plist.xml; path = "EPSNameFormatter-Info.plist"; sourceTree = "<group>"; };
		D0696393196473DC00A4B99B /* en */ = {isa = PBXFileReference; lastKnownFileType = text.plist.strings; name = en; path = en.lproj/InfoPlist.strings; sourceTree = "<group>"; };
		D0696395196473DC00A4B99B /* main.m */ = {isa = PBXFileReference; lastKnownFileType = sourcecode.c.objc; path = main.m; sourceTree = "<group>"; };
		D0696397196473DC00A4B99B /* EPSNameFormatter-Prefix.pch */ = {isa = PBXFileReference; lastKnownFileType = sourcecode.c.h; path = "EPSNameFormatter-Prefix.pch"; sourceTree = "<group>"; };
		D0696398196473DC00A4B99B /* EPSAppDelegate.h */ = {isa = PBXFileReference; lastKnownFileType = sourcecode.c.h; path = EPSAppDelegate.h; sourceTree = "<group>"; };
		D0696399196473DC00A4B99B /* EPSAppDelegate.m */ = {isa = PBXFileReference; lastKnownFileType = sourcecode.c.objc; path = EPSAppDelegate.m; sourceTree = "<group>"; };
		D069639C196473DC00A4B99B /* Base */ = {isa = PBXFileReference; lastKnownFileType = file.storyboard; name = Base; path = Base.lproj/Main.storyboard; sourceTree = "<group>"; };
		D069639E196473DC00A4B99B /* EPSViewController.h */ = {isa = PBXFileReference; lastKnownFileType = sourcecode.c.h; path = EPSViewController.h; sourceTree = "<group>"; };
		D069639F196473DC00A4B99B /* EPSViewController.m */ = {isa = PBXFileReference; lastKnownFileType = sourcecode.c.objc; path = EPSViewController.m; sourceTree = "<group>"; };
		D06963A1196473DC00A4B99B /* Images.xcassets */ = {isa = PBXFileReference; lastKnownFileType = folder.assetcatalog; path = Images.xcassets; sourceTree = "<group>"; };
		D06963A7196473DC00A4B99B /* Tests.xctest */ = {isa = PBXFileReference; explicitFileType = wrapper.cfbundle; includeInIndex = 0; path = Tests.xctest; sourceTree = BUILT_PRODUCTS_DIR; };
		D06963A8196473DC00A4B99B /* XCTest.framework */ = {isa = PBXFileReference; lastKnownFileType = wrapper.framework; name = XCTest.framework; path = Library/Frameworks/XCTest.framework; sourceTree = DEVELOPER_DIR; };
		D06963B0196473DC00A4B99B /* EPSNameFormatterTests-Info.plist */ = {isa = PBXFileReference; lastKnownFileType = text.plist.xml; path = "EPSNameFormatterTests-Info.plist"; sourceTree = "<group>"; };
		D06963B2196473DC00A4B99B /* en */ = {isa = PBXFileReference; lastKnownFileType = text.plist.strings; name = en; path = en.lproj/InfoPlist.strings; sourceTree = "<group>"; };
		D06963B4196473DC00A4B99B /* Tests.m */ = {isa = PBXFileReference; lastKnownFileType = sourcecode.c.objc; path = Tests.m; sourceTree = "<group>"; };
/* End PBXFileReference section */

/* Begin PBXFrameworksBuildPhase section */
		D0696383196473DC00A4B99B /* Frameworks */ = {
			isa = PBXFrameworksBuildPhase;
			buildActionMask = 2147483647;
			files = (
				D069638C196473DC00A4B99B /* CoreGraphics.framework in Frameworks */,
				D069638E196473DC00A4B99B /* UIKit.framework in Frameworks */,
				D069638A196473DC00A4B99B /* Foundation.framework in Frameworks */,
				B7215EC2E47F43D789C50AE4 /* libPods-EPSNameFormatter.a in Frameworks */,
			);
			runOnlyForDeploymentPostprocessing = 0;
		};
		D06963A4196473DC00A4B99B /* Frameworks */ = {
			isa = PBXFrameworksBuildPhase;
			buildActionMask = 2147483647;
			files = (
				D06963A9196473DC00A4B99B /* XCTest.framework in Frameworks */,
				D06963AB196473DC00A4B99B /* UIKit.framework in Frameworks */,
				D06963AA196473DC00A4B99B /* Foundation.framework in Frameworks */,
				5BC539C32FFC408980BEC874 /* libPods-Tests.a in Frameworks */,
			);
			runOnlyForDeploymentPostprocessing = 0;
		};
/* End PBXFrameworksBuildPhase section */

/* Begin PBXGroup section */
		D069637D196473DC00A4B99B = {
			isa = PBXGroup;
			children = (
				D069638F196473DC00A4B99B /* EPSNameFormatter */,
				D06963AE196473DC00A4B99B /* Tests */,
				D0696388196473DC00A4B99B /* Frameworks */,
				D0696387196473DC00A4B99B /* Products */,
				62F789D4EBE34532917ED940 /* Pods-EPSNameFormatter.xcconfig */,
				57C1293488F54C1F901EE6A6 /* Pods-Tests.xcconfig */,
			);
			sourceTree = "<group>";
		};
		D0696387196473DC00A4B99B /* Products */ = {
			isa = PBXGroup;
			children = (
				D0696386196473DC00A4B99B /* EPSNameFormatter.app */,
				D06963A7196473DC00A4B99B /* Tests.xctest */,
			);
			name = Products;
			sourceTree = "<group>";
		};
		D0696388196473DC00A4B99B /* Frameworks */ = {
			isa = PBXGroup;
			children = (
				D0696389196473DC00A4B99B /* Foundation.framework */,
				D069638B196473DC00A4B99B /* CoreGraphics.framework */,
				D069638D196473DC00A4B99B /* UIKit.framework */,
				D06963A8196473DC00A4B99B /* XCTest.framework */,
				A662AEAC940E461E88C3C2A7 /* libPods-EPSNameFormatter.a */,
				8A8CF88C6AA4454FBFB46CDE /* libPods-Tests.a */,
			);
			name = Frameworks;
			sourceTree = "<group>";
		};
		D069638F196473DC00A4B99B /* EPSNameFormatter */ = {
			isa = PBXGroup;
			children = (
				D0696398196473DC00A4B99B /* EPSAppDelegate.h */,
				D0696399196473DC00A4B99B /* EPSAppDelegate.m */,
				D069639B196473DC00A4B99B /* Main.storyboard */,
				D069639E196473DC00A4B99B /* EPSViewController.h */,
				D069639F196473DC00A4B99B /* EPSViewController.m */,
				D06963A1196473DC00A4B99B /* Images.xcassets */,
				D0696390196473DC00A4B99B /* Supporting Files */,
			);
			path = EPSNameFormatter;
			sourceTree = "<group>";
		};
		D0696390196473DC00A4B99B /* Supporting Files */ = {
			isa = PBXGroup;
			children = (
				D0696391196473DC00A4B99B /* EPSNameFormatter-Info.plist */,
				D0696392196473DC00A4B99B /* InfoPlist.strings */,
				D0696395196473DC00A4B99B /* main.m */,
				D0696397196473DC00A4B99B /* EPSNameFormatter-Prefix.pch */,
			);
			name = "Supporting Files";
			sourceTree = "<group>";
		};
		D06963AE196473DC00A4B99B /* Tests */ = {
			isa = PBXGroup;
			children = (
				D06963B4196473DC00A4B99B /* Tests.m */,
				D06963AF196473DC00A4B99B /* Supporting Files */,
			);
			name = Tests;
			path = EPSNameFormatterTests;
			sourceTree = "<group>";
		};
		D06963AF196473DC00A4B99B /* Supporting Files */ = {
			isa = PBXGroup;
			children = (
				D06963B0196473DC00A4B99B /* EPSNameFormatterTests-Info.plist */,
				D06963B1196473DC00A4B99B /* InfoPlist.strings */,
			);
			name = "Supporting Files";
			sourceTree = "<group>";
		};
/* End PBXGroup section */

/* Begin PBXNativeTarget section */
		D0696385196473DC00A4B99B /* EPSNameFormatter */ = {
			isa = PBXNativeTarget;
			buildConfigurationList = D06963B8196473DC00A4B99B /* Build configuration list for PBXNativeTarget "EPSNameFormatter" */;
			buildPhases = (
				B599AF6C4F5140879872773B /* Check Pods Manifest.lock */,
				D0696382196473DC00A4B99B /* Sources */,
				D0696383196473DC00A4B99B /* Frameworks */,
				D0696384196473DC00A4B99B /* Resources */,
				3F6AE4920F0F44FC88F459CB /* Copy Pods Resources */,
			);
			buildRules = (
			);
			dependencies = (
			);
			name = EPSNameFormatter;
			productName = EPSNameFormatter;
			productReference = D0696386196473DC00A4B99B /* EPSNameFormatter.app */;
			productType = "com.apple.product-type.application";
		};
		D06963A6196473DC00A4B99B /* Tests */ = {
			isa = PBXNativeTarget;
			buildConfigurationList = D06963BB196473DC00A4B99B /* Build configuration list for PBXNativeTarget "Tests" */;
			buildPhases = (
				06B76E3D28A14E55B81AA6B2 /* Check Pods Manifest.lock */,
				D06963A3196473DC00A4B99B /* Sources */,
				D06963A4196473DC00A4B99B /* Frameworks */,
				D06963A5196473DC00A4B99B /* Resources */,
				C565DA5FDA674DB1BD8A5AAA /* Copy Pods Resources */,
			);
			buildRules = (
			);
			dependencies = (
				D06963AD196473DC00A4B99B /* PBXTargetDependency */,
			);
			name = Tests;
			productName = EPSNameFormatterTests;
			productReference = D06963A7196473DC00A4B99B /* Tests.xctest */;
			productType = "com.apple.product-type.bundle.unit-test";
		};
/* End PBXNativeTarget section */

/* Begin PBXProject section */
		D069637E196473DC00A4B99B /* Project object */ = {
			isa = PBXProject;
			attributes = {
				CLASSPREFIX = EPS;
				LastUpgradeCheck = 0510;
				ORGANIZATIONNAME = "Electric Peel, LLC";
				TargetAttributes = {
					D06963A6196473DC00A4B99B = {
						TestTargetID = D0696385196473DC00A4B99B;
					};
				};
			};
			buildConfigurationList = D0696381196473DC00A4B99B /* Build configuration list for PBXProject "EPSNameFormatter" */;
			compatibilityVersion = "Xcode 3.2";
			developmentRegion = English;
			hasScannedForEncodings = 0;
			knownRegions = (
				en,
				Base,
			);
			mainGroup = D069637D196473DC00A4B99B;
			productRefGroup = D0696387196473DC00A4B99B /* Products */;
			projectDirPath = "";
			projectRoot = "";
			targets = (
				D0696385196473DC00A4B99B /* EPSNameFormatter */,
				D06963A6196473DC00A4B99B /* Tests */,
			);
		};
/* End PBXProject section */

/* Begin PBXResourcesBuildPhase section */
		D0696384196473DC00A4B99B /* Resources */ = {
			isa = PBXResourcesBuildPhase;
			buildActionMask = 2147483647;
			files = (
				D06963A2196473DC00A4B99B /* Images.xcassets in Resources */,
				D0696394196473DC00A4B99B /* InfoPlist.strings in Resources */,
				D069639D196473DC00A4B99B /* Main.storyboard in Resources */,
			);
			runOnlyForDeploymentPostprocessing = 0;
		};
		D06963A5196473DC00A4B99B /* Resources */ = {
			isa = PBXResourcesBuildPhase;
			buildActionMask = 2147483647;
			files = (
				D06963B3196473DC00A4B99B /* InfoPlist.strings in Resources */,
			);
			runOnlyForDeploymentPostprocessing = 0;
		};
/* End PBXResourcesBuildPhase section */

/* Begin PBXShellScriptBuildPhase section */
		06B76E3D28A14E55B81AA6B2 /* Check Pods Manifest.lock */ = {
			isa = PBXShellScriptBuildPhase;
			buildActionMask = 2147483647;
			files = (
			);
			inputPaths = (
			);
			name = "Check Pods Manifest.lock";
			outputPaths = (
			);
			runOnlyForDeploymentPostprocessing = 0;
			shellPath = /bin/sh;
			shellScript = "diff \"${PODS_ROOT}/../Podfile.lock\" \"${PODS_ROOT}/Manifest.lock\" > /dev/null\nif [[ $? != 0 ]] ; then\n    cat << EOM\nerror: The sandbox is not in sync with the Podfile.lock. Run 'pod install' or update your CocoaPods installation.\nEOM\n    exit 1\nfi\n";
			showEnvVarsInLog = 0;
		};
		3F6AE4920F0F44FC88F459CB /* Copy Pods Resources */ = {
			isa = PBXShellScriptBuildPhase;
			buildActionMask = 2147483647;
			files = (
			);
			inputPaths = (
			);
			name = "Copy Pods Resources";
			outputPaths = (
			);
			runOnlyForDeploymentPostprocessing = 0;
			shellPath = /bin/sh;
			shellScript = "\"${SRCROOT}/Pods/Pods-EPSNameFormatter-resources.sh\"\n";
			showEnvVarsInLog = 0;
		};
		B599AF6C4F5140879872773B /* Check Pods Manifest.lock */ = {
			isa = PBXShellScriptBuildPhase;
			buildActionMask = 2147483647;
			files = (
			);
			inputPaths = (
			);
			name = "Check Pods Manifest.lock";
			outputPaths = (
			);
			runOnlyForDeploymentPostprocessing = 0;
			shellPath = /bin/sh;
			shellScript = "diff \"${PODS_ROOT}/../Podfile.lock\" \"${PODS_ROOT}/Manifest.lock\" > /dev/null\nif [[ $? != 0 ]] ; then\n    cat << EOM\nerror: The sandbox is not in sync with the Podfile.lock. Run 'pod install' or update your CocoaPods installation.\nEOM\n    exit 1\nfi\n";
			showEnvVarsInLog = 0;
		};
		C565DA5FDA674DB1BD8A5AAA /* Copy Pods Resources */ = {
			isa = PBXShellScriptBuildPhase;
			buildActionMask = 2147483647;
			files = (
			);
			inputPaths = (
			);
			name = "Copy Pods Resources";
			outputPaths = (
			);
			runOnlyForDeploymentPostprocessing = 0;
			shellPath = /bin/sh;
			shellScript = "\"${SRCROOT}/Pods/Pods-Tests-resources.sh\"\n";
			showEnvVarsInLog = 0;
		};
/* End PBXShellScriptBuildPhase section */

/* Begin PBXSourcesBuildPhase section */
		D0696382196473DC00A4B99B /* Sources */ = {
			isa = PBXSourcesBuildPhase;
			buildActionMask = 2147483647;
			files = (
				D06963A0196473DC00A4B99B /* EPSViewController.m in Sources */,
				D0696396196473DC00A4B99B /* main.m in Sources */,
				D069639A196473DC00A4B99B /* EPSAppDelegate.m in Sources */,
			);
			runOnlyForDeploymentPostprocessing = 0;
		};
		D06963A3196473DC00A4B99B /* Sources */ = {
			isa = PBXSourcesBuildPhase;
			buildActionMask = 2147483647;
			files = (
				D06963B5196473DC00A4B99B /* Tests.m in Sources */,
			);
			runOnlyForDeploymentPostprocessing = 0;
		};
/* End PBXSourcesBuildPhase section */

/* Begin PBXTargetDependency section */
		D06963AD196473DC00A4B99B /* PBXTargetDependency */ = {
			isa = PBXTargetDependency;
			target = D0696385196473DC00A4B99B /* EPSNameFormatter */;
			targetProxy = D06963AC196473DC00A4B99B /* PBXContainerItemProxy */;
		};
/* End PBXTargetDependency section */

/* Begin PBXVariantGroup section */
		D0696392196473DC00A4B99B /* InfoPlist.strings */ = {
			isa = PBXVariantGroup;
			children = (
				D0696393196473DC00A4B99B /* en */,
			);
			name = InfoPlist.strings;
			sourceTree = "<group>";
		};
		D069639B196473DC00A4B99B /* Main.storyboard */ = {
			isa = PBXVariantGroup;
			children = (
				D069639C196473DC00A4B99B /* Base */,
			);
			name = Main.storyboard;
			sourceTree = "<group>";
		};
		D06963B1196473DC00A4B99B /* InfoPlist.strings */ = {
			isa = PBXVariantGroup;
			children = (
				D06963B2196473DC00A4B99B /* en */,
			);
			name = InfoPlist.strings;
			sourceTree = "<group>";
		};
/* End PBXVariantGroup section */

/* Begin XCBuildConfiguration section */
		D06963B6196473DC00A4B99B /* Debug */ = {
			isa = XCBuildConfiguration;
			buildSettings = {
				ALWAYS_SEARCH_USER_PATHS = NO;
				CLANG_CXX_LANGUAGE_STANDARD = "gnu++0x";
				CLANG_CXX_LIBRARY = "libc++";
				CLANG_ENABLE_MODULES = YES;
				CLANG_ENABLE_OBJC_ARC = YES;
				CLANG_WARN_BOOL_CONVERSION = YES;
				CLANG_WARN_CONSTANT_CONVERSION = YES;
				CLANG_WARN_DIRECT_OBJC_ISA_USAGE = YES_ERROR;
				CLANG_WARN_EMPTY_BODY = YES;
				CLANG_WARN_ENUM_CONVERSION = YES;
				CLANG_WARN_INT_CONVERSION = YES;
				CLANG_WARN_OBJC_ROOT_CLASS = YES_ERROR;
				CLANG_WARN__DUPLICATE_METHOD_MATCH = YES;
				"CODE_SIGN_IDENTITY[sdk=iphoneos*]" = "iPhone Developer";
				COPY_PHASE_STRIP = NO;
				GCC_C_LANGUAGE_STANDARD = gnu99;
				GCC_DYNAMIC_NO_PIC = NO;
				GCC_OPTIMIZATION_LEVEL = 0;
				GCC_PREPROCESSOR_DEFINITIONS = (
					"DEBUG=1",
					"$(inherited)",
				);
				GCC_SYMBOLS_PRIVATE_EXTERN = NO;
				GCC_WARN_64_TO_32_BIT_CONVERSION = YES;
				GCC_WARN_ABOUT_RETURN_TYPE = YES_ERROR;
				GCC_WARN_UNDECLARED_SELECTOR = YES;
				GCC_WARN_UNINITIALIZED_AUTOS = YES_AGGRESSIVE;
				GCC_WARN_UNUSED_FUNCTION = YES;
				GCC_WARN_UNUSED_VARIABLE = YES;
				IPHONEOS_DEPLOYMENT_TARGET = 7.1;
				ONLY_ACTIVE_ARCH = YES;
				SDKROOT = iphoneos;
			};
			name = Debug;
		};
		D06963B7196473DC00A4B99B /* Release */ = {
			isa = XCBuildConfiguration;
			buildSettings = {
				ALWAYS_SEARCH_USER_PATHS = NO;
				CLANG_CXX_LANGUAGE_STANDARD = "gnu++0x";
				CLANG_CXX_LIBRARY = "libc++";
				CLANG_ENABLE_MODULES = YES;
				CLANG_ENABLE_OBJC_ARC = YES;
				CLANG_WARN_BOOL_CONVERSION = YES;
				CLANG_WARN_CONSTANT_CONVERSION = YES;
				CLANG_WARN_DIRECT_OBJC_ISA_USAGE = YES_ERROR;
				CLANG_WARN_EMPTY_BODY = YES;
				CLANG_WARN_ENUM_CONVERSION = YES;
				CLANG_WARN_INT_CONVERSION = YES;
				CLANG_WARN_OBJC_ROOT_CLASS = YES_ERROR;
				CLANG_WARN__DUPLICATE_METHOD_MATCH = YES;
				"CODE_SIGN_IDENTITY[sdk=iphoneos*]" = "iPhone Developer";
				COPY_PHASE_STRIP = YES;
				ENABLE_NS_ASSERTIONS = NO;
				GCC_C_LANGUAGE_STANDARD = gnu99;
				GCC_WARN_64_TO_32_BIT_CONVERSION = YES;
				GCC_WARN_ABOUT_RETURN_TYPE = YES_ERROR;
				GCC_WARN_UNDECLARED_SELECTOR = YES;
				GCC_WARN_UNINITIALIZED_AUTOS = YES_AGGRESSIVE;
				GCC_WARN_UNUSED_FUNCTION = YES;
				GCC_WARN_UNUSED_VARIABLE = YES;
				IPHONEOS_DEPLOYMENT_TARGET = 7.1;
				SDKROOT = iphoneos;
				VALIDATE_PRODUCT = YES;
			};
			name = Release;
		};
		D06963B9196473DC00A4B99B /* Debug */ = {
			isa = XCBuildConfiguration;
			baseConfigurationReference = 62F789D4EBE34532917ED940 /* Pods-EPSNameFormatter.xcconfig */;
			buildSettings = {
				ASSETCATALOG_COMPILER_APPICON_NAME = AppIcon;
				ASSETCATALOG_COMPILER_LAUNCHIMAGE_NAME = LaunchImage;
				GCC_PRECOMPILE_PREFIX_HEADER = YES;
				GCC_PREFIX_HEADER = "EPSNameFormatter/EPSNameFormatter-Prefix.pch";
				INFOPLIST_FILE = "EPSNameFormatter/EPSNameFormatter-Info.plist";
				PRODUCT_NAME = "$(TARGET_NAME)";
				WRAPPER_EXTENSION = app;
			};
			name = Debug;
		};
		D06963BA196473DC00A4B99B /* Release */ = {
			isa = XCBuildConfiguration;
			baseConfigurationReference = 62F789D4EBE34532917ED940 /* Pods-EPSNameFormatter.xcconfig */;
			buildSettings = {
				ASSETCATALOG_COMPILER_APPICON_NAME = AppIcon;
				ASSETCATALOG_COMPILER_LAUNCHIMAGE_NAME = LaunchImage;
				GCC_PRECOMPILE_PREFIX_HEADER = YES;
				GCC_PREFIX_HEADER = "EPSNameFormatter/EPSNameFormatter-Prefix.pch";
				INFOPLIST_FILE = "EPSNameFormatter/EPSNameFormatter-Info.plist";
				PRODUCT_NAME = "$(TARGET_NAME)";
				WRAPPER_EXTENSION = app;
			};
			name = Release;
		};
		D06963BC196473DC00A4B99B /* Debug */ = {
			isa = XCBuildConfiguration;
			baseConfigurationReference = 57C1293488F54C1F901EE6A6 /* Pods-Tests.xcconfig */;
			buildSettings = {
				BUNDLE_LOADER = "$(BUILT_PRODUCTS_DIR)/EPSNameFormatter.app/EPSNameFormatter";
				FRAMEWORK_SEARCH_PATHS = (
					"$(SDKROOT)/Developer/Library/Frameworks",
					"$(inherited)",
					"$(DEVELOPER_FRAMEWORKS_DIR)",
				);
				GCC_PRECOMPILE_PREFIX_HEADER = YES;
				GCC_PREFIX_HEADER = "EPSNameFormatter/EPSNameFormatter-Prefix.pch";
				GCC_PREPROCESSOR_DEFINITIONS = (
					"DEBUG=1",
					"$(inherited)",
				);
				INFOPLIST_FILE = "EPSNameFormatterTests/EPSNameFormatterTests-Info.plist";
				PRODUCT_NAME = "$(TARGET_NAME)";
				TEST_HOST = "$(BUNDLE_LOADER)";
				WRAPPER_EXTENSION = xctest;
			};
			name = Debug;
		};
		D06963BD196473DC00A4B99B /* Release */ = {
			isa = XCBuildConfiguration;
			baseConfigurationReference = 57C1293488F54C1F901EE6A6 /* Pods-Tests.xcconfig */;
			buildSettings = {
				BUNDLE_LOADER = "$(BUILT_PRODUCTS_DIR)/EPSNameFormatter.app/EPSNameFormatter";
				FRAMEWORK_SEARCH_PATHS = (
					"$(SDKROOT)/Developer/Library/Frameworks",
					"$(inherited)",
					"$(DEVELOPER_FRAMEWORKS_DIR)",
				);
				GCC_PRECOMPILE_PREFIX_HEADER = YES;
				GCC_PREFIX_HEADER = "EPSNameFormatter/EPSNameFormatter-Prefix.pch";
				INFOPLIST_FILE = "EPSNameFormatterTests/EPSNameFormatterTests-Info.plist";
				PRODUCT_NAME = "$(TARGET_NAME)";
				TEST_HOST = "$(BUNDLE_LOADER)";
				WRAPPER_EXTENSION = xctest;
			};
			name = Release;
		};
/* End XCBuildConfiguration section */

/* Begin XCConfigurationList section */
		D0696381196473DC00A4B99B /* Build configuration list for PBXProject "EPSNameFormatter" */ = {
			isa = XCConfigurationList;
			buildConfigurations = (
				D06963B6196473DC00A4B99B /* Debug */,
				D06963B7196473DC00A4B99B /* Release */,
			);
			defaultConfigurationIsVisible = 0;
			defaultConfigurationName = Release;
		};
		D06963B8196473DC00A4B99B /* Build configuration list for PBXNativeTarget "EPSNameFormatter" */ = {
			isa = XCConfigurationList;
			buildConfigurations = (
				D06963B9196473DC00A4B99B /* Debug */,
				D06963BA196473DC00A4B99B /* Release */,
			);
			defaultConfigurationIsVisible = 0;
			defaultConfigurationName = Release;
		};
		D06963BB196473DC00A4B99B /* Build configuration list for PBXNativeTarget "Tests" */ = {
			isa = XCConfigurationList;
			buildConfigurations = (
				D06963BC196473DC00A4B99B /* Debug */,
				D06963BD196473DC00A4B99B /* Release */,
			);
			defaultConfigurationIsVisible = 0;
			defaultConfigurationName = Release;
		};
/* End XCConfigurationList section */
	};
	rootObject = D069637E196473DC00A4B99B /* Project object */;
}
